
Microsoft Visual Studio Solution File, Format Version 12.00
# Visual Studio Version 17
VisualStudioVersion = 17.3.32922.545
MinimumVisualStudioVersion = 10.0.40219.1
Project("{FAE04EC0-301F-11D3-BF4B-00C04F79EFBC}") = "battleship!", "battleship!\battleship!.csproj", "{D36D639D-7554-40BE-9A08-960638FB3201}"
EndProject
Global
	GlobalSection(SolutionConfigurationPlatforms) = preSolution
		Debug|Any CPU = Debug|Any CPU
		Release|Any CPU = Release|Any CPU
	EndGlobalSection
	GlobalSection(ProjectConfigurationPlatforms) = postSolution
		{D36D639D-7554-40BE-9A08-960638FB3201}.Debug|Any CPU.ActiveCfg = Debug|Any CPU
		{D36D639D-7554-40BE-9A08-960638FB3201}.Debug|Any CPU.Build.0 = Debug|Any CPU
		{D36D639D-7554-40BE-9A08-960638FB3201}.Release|Any CPU.ActiveCfg = Release|Any CPU
		{D36D639D-7554-40BE-9A08-960638FB3201}.Release|Any CPU.Build.0 = Release|Any CPU
	EndGlobalSection
	GlobalSection(SolutionProperties) = preSolution
		HideSolutionNode = FALSE
	EndGlobalSection
	GlobalSection(ExtensibilityGlobals) = postSolution
		SolutionGuid = {1A43912D-96A0-4CE5-8B1F-0A1AF7AB3169}
	EndGlobalSection
EndGlobal
